
Microsoft Visual Studio Solution File, Format Version 12.00
# Visual Studio 15
VisualStudioVersion = 15.0.28307.106
MinimumVisualStudioVersion = 10.0.40219.1
Project("{8BC9CEB8-8B4A-11D0-8D11-00A0C91BC942}") = "libuv", "..\libuv\libuv.vcxproj", "{BFDE6DC2-301B-4F2E-9B07-C2BC5B3D8EF2}"
EndProject
Project("{8BC9CEB8-8B4A-11D0-8D11-00A0C91BC942}") = "1st_test", "..\1st_test\1st_test.vcxproj", "{ADC132C4-DE22-4301-B7D0-8414418A667E}"
EndProject
Global
	GlobalSection(SolutionConfigurationPlatforms) = preSolution
		Debug|x64 = Debug|x64
		Debug|x86 = Debug|x86
		Release|x64 = Release|x64
		Release|x86 = Release|x86
	EndGlobalSection
	GlobalSection(ProjectConfigurationPlatforms) = postSolution
		{BFDE6DC2-301B-4F2E-9B07-C2BC5B3D8EF2}.Debug|x64.ActiveCfg = Debug|x64
		{BFDE6DC2-301B-4F2E-9B07-C2BC5B3D8EF2}.Debug|x64.Build.0 = Debug|x64
		{BFDE6DC2-301B-4F2E-9B07-C2BC5B3D8EF2}.Debug|x86.ActiveCfg = Debug|Win32
		{BFDE6DC2-301B-4F2E-9B07-C2BC5B3D8EF2}.Debug|x86.Build.0 = Debug|Win32
		{BFDE6DC2-301B-4F2E-9B07-C2BC5B3D8EF2}.Release|x64.ActiveCfg = Release|x64
		{BFDE6DC2-301B-4F2E-9B07-C2BC5B3D8EF2}.Release|x64.Build.0 = Release|x64
		{BFDE6DC2-301B-4F2E-9B07-C2BC5B3D8EF2}.Release|x86.ActiveCfg = Release|Win32
		{BFDE6DC2-301B-4F2E-9B07-C2BC5B3D8EF2}.Release|x86.Build.0 = Release|Win32
		{ADC132C4-DE22-4301-B7D0-8414418A667E}.Debug|x64.ActiveCfg = Debug|x64
		{ADC132C4-DE22-4301-B7D0-8414418A667E}.Debug|x64.Build.0 = Debug|x64
		{ADC132C4-DE22-4301-B7D0-8414418A667E}.Debug|x86.ActiveCfg = Debug|Win32
		{ADC132C4-DE22-4301-B7D0-8414418A667E}.Debug|x86.Build.0 = Debug|Win32
		{ADC132C4-DE22-4301-B7D0-8414418A667E}.Release|x64.ActiveCfg = Release|x64
		{ADC132C4-DE22-4301-B7D0-8414418A667E}.Release|x64.Build.0 = Release|x64
		{ADC132C4-DE22-4301-B7D0-8414418A667E}.Release|x86.ActiveCfg = Release|Win32
		{ADC132C4-DE22-4301-B7D0-8414418A667E}.Release|x86.Build.0 = Release|Win32
	EndGlobalSection
	GlobalSection(SolutionProperties) = preSolution
		HideSolutionNode = FALSE
	EndGlobalSection
	GlobalSection(ExtensibilityGlobals) = postSolution
		SolutionGuid = {05E0A502-3E69-457E-80F3-1D808071C499}
	EndGlobalSection
EndGlobal
